
Microsoft Visual Studio Solution File, Format Version 12.00
# Visual Studio Version 17
VisualStudioVersion = 17.9.34728.123
MinimumVisualStudioVersion = 10.0.40219.1
Project("{FAE04EC0-301F-11D3-BF4B-00C04F79EFBC}") = "frz11", "frz11.csproj", "{16E173D3-AD76-41E4-B358-460336DCB93D}"
EndProject
Global
	GlobalSection(SolutionConfigurationPlatforms) = preSolution
		Debug|Any CPU = Debug|Any CPU
		Release|Any CPU = Release|Any CPU
	EndGlobalSection
	GlobalSection(ProjectConfigurationPlatforms) = postSolution
		{16E173D3-AD76-41E4-B358-460336DCB93D}.Debug|Any CPU.ActiveCfg = Debug|Any CPU
		{16E173D3-AD76-41E4-B358-460336DCB93D}.Debug|Any CPU.Build.0 = Debug|Any CPU
		{16E173D3-AD76-41E4-B358-460336DCB93D}.Release|Any CPU.ActiveCfg = Release|Any CPU
		{16E173D3-AD76-41E4-B358-460336DCB93D}.Release|Any CPU.Build.0 = Release|Any CPU
	EndGlobalSection
	GlobalSection(SolutionProperties) = preSolution
		HideSolutionNode = FALSE
	EndGlobalSection
	GlobalSection(ExtensibilityGlobals) = postSolution
		SolutionGuid = {68D13202-9097-4828-9A76-D7325A97CE66}
	EndGlobalSection
EndGlobal
